
Microsoft Visual Studio Solution File, Format Version 12.00
# Visual Studio Version 17
VisualStudioVersion = 17.1.32414.318
MinimumVisualStudioVersion = 10.0.40219.1
Project("{FAE04EC0-301F-11D3-BF4B-00C04F79EFBC}") = "Eva3_ChristianPasten", "Eva3_ChristianPasten.csproj", "{9B5B810E-CBD4-4045-BA4A-F93F92E499BE}"
EndProject
Global
	GlobalSection(SolutionConfigurationPlatforms) = preSolution
		Debug|Any CPU = Debug|Any CPU
		Release|Any CPU = Release|Any CPU
	EndGlobalSection
	GlobalSection(ProjectConfigurationPlatforms) = postSolution
		{9B5B810E-CBD4-4045-BA4A-F93F92E499BE}.Debug|Any CPU.ActiveCfg = Debug|Any CPU
		{9B5B810E-CBD4-4045-BA4A-F93F92E499BE}.Debug|Any CPU.Build.0 = Debug|Any CPU
		{9B5B810E-CBD4-4045-BA4A-F93F92E499BE}.Release|Any CPU.ActiveCfg = Release|Any CPU
		{9B5B810E-CBD4-4045-BA4A-F93F92E499BE}.Release|Any CPU.Build.0 = Release|Any CPU
	EndGlobalSection
	GlobalSection(SolutionProperties) = preSolution
		HideSolutionNode = FALSE
	EndGlobalSection
	GlobalSection(ExtensibilityGlobals) = postSolution
		SolutionGuid = {56F49FEC-93C4-49F9-8065-5B6DC662AD4C}
	EndGlobalSection
EndGlobal
